
Microsoft Visual Studio Solution File, Format Version 12.00
# Visual Studio 15
VisualStudioVersion = 15.0.28307.645
MinimumVisualStudioVersion = 10.0.40219.1
Project("{8BC9CEB8-8B4A-11D0-8D11-00A0C91BC942}") = "test_network_srv", "test_network_srv\test_network_srv.vcxproj", "{9BD45861-ED3A-42B0-9C69-94FCAB2F6012}"
EndProject
Project("{8BC9CEB8-8B4A-11D0-8D11-00A0C91BC942}") = "test_network_client", "test_network_client\test_network_client.vcxproj", "{8BE70FA5-B7A0-4887-A7E0-00213DF71CDC}"
EndProject
Project("{8BC9CEB8-8B4A-11D0-8D11-00A0C91BC942}") = "network", "network\network.vcxproj", "{CF7DD65B-7A9A-4885-8A43-8AE1D062F713}"
EndProject
Project("{8BC9CEB8-8B4A-11D0-8D11-00A0C91BC942}") = "socket", "socket\socket.vcxproj", "{8DA26DD4-EBC1-4390-BA2E-EB8A47C7CF82}"
EndProject
Project("{8BC9CEB8-8B4A-11D0-8D11-00A0C91BC942}") = "server", "server\server.vcxproj", "{B4D47439-E016-4E45-B0E8-A47D11190A9F}"
EndProject
Project("{8BC9CEB8-8B4A-11D0-8D11-00A0C91BC942}") = "client", "client\client.vcxproj", "{C2B147A1-7767-4374-8643-7DF4556F2001}"
EndProject
Global
	GlobalSection(SolutionConfigurationPlatforms) = preSolution
		Debug|Mixed Platforms = Debug|Mixed Platforms
		Debug|Win32 = Debug|Win32
		Debug|x64 = Debug|x64
		Release|Mixed Platforms = Release|Mixed Platforms
		Release|Win32 = Release|Win32
		Release|x64 = Release|x64
	EndGlobalSection
	GlobalSection(ProjectConfigurationPlatforms) = postSolution
		{9BD45861-ED3A-42B0-9C69-94FCAB2F6012}.Debug|Mixed Platforms.ActiveCfg = Debug|Win32
		{9BD45861-ED3A-42B0-9C69-94FCAB2F6012}.Debug|Mixed Platforms.Build.0 = Debug|Win32
		{9BD45861-ED3A-42B0-9C69-94FCAB2F6012}.Debug|Win32.ActiveCfg = Debug|Win32
		{9BD45861-ED3A-42B0-9C69-94FCAB2F6012}.Debug|Win32.Build.0 = Debug|Win32
		{9BD45861-ED3A-42B0-9C69-94FCAB2F6012}.Debug|x64.ActiveCfg = Debug|x64
		{9BD45861-ED3A-42B0-9C69-94FCAB2F6012}.Debug|x64.Build.0 = Debug|x64
		{9BD45861-ED3A-42B0-9C69-94FCAB2F6012}.Release|Mixed Platforms.ActiveCfg = Release|Win32
		{9BD45861-ED3A-42B0-9C69-94FCAB2F6012}.Release|Mixed Platforms.Build.0 = Release|Win32
		{9BD45861-ED3A-42B0-9C69-94FCAB2F6012}.Release|Win32.ActiveCfg = Release|Win32
		{9BD45861-ED3A-42B0-9C69-94FCAB2F6012}.Release|Win32.Build.0 = Release|Win32
		{9BD45861-ED3A-42B0-9C69-94FCAB2F6012}.Release|x64.ActiveCfg = Release|x64
		{8BE70FA5-B7A0-4887-A7E0-00213DF71CDC}.Debug|Mixed Platforms.ActiveCfg = Debug|Win32
		{8BE70FA5-B7A0-4887-A7E0-00213DF71CDC}.Debug|Mixed Platforms.Build.0 = Debug|Win32
		{8BE70FA5-B7A0-4887-A7E0-00213DF71CDC}.Debug|Win32.ActiveCfg = Debug|Win32
		{8BE70FA5-B7A0-4887-A7E0-00213DF71CDC}.Debug|Win32.Build.0 = Debug|Win32
		{8BE70FA5-B7A0-4887-A7E0-00213DF71CDC}.Debug|x64.ActiveCfg = Debug|x64
		{8BE70FA5-B7A0-4887-A7E0-00213DF71CDC}.Debug|x64.Build.0 = Debug|x64
		{8BE70FA5-B7A0-4887-A7E0-00213DF71CDC}.Release|Mixed Platforms.ActiveCfg = Release|Win32
		{8BE70FA5-B7A0-4887-A7E0-00213DF71CDC}.Release|Mixed Platforms.Build.0 = Release|Win32
		{8BE70FA5-B7A0-4887-A7E0-00213DF71CDC}.Release|Win32.ActiveCfg = Release|Win32
		{8BE70FA5-B7A0-4887-A7E0-00213DF71CDC}.Release|Win32.Build.0 = Release|Win32
		{8BE70FA5-B7A0-4887-A7E0-00213DF71CDC}.Release|x64.ActiveCfg = Release|x64
		{8BE70FA5-B7A0-4887-A7E0-00213DF71CDC}.Release|x64.Build.0 = Release|x64
		{CF7DD65B-7A9A-4885-8A43-8AE1D062F713}.Debug|Mixed Platforms.ActiveCfg = Debug|Win32
		{CF7DD65B-7A9A-4885-8A43-8AE1D062F713}.Debug|Mixed Platforms.Build.0 = Debug|Win32
		{CF7DD65B-7A9A-4885-8A43-8AE1D062F713}.Debug|Win32.ActiveCfg = Debug|Win32
		{CF7DD65B-7A9A-4885-8A43-8AE1D062F713}.Debug|Win32.Build.0 = Debug|Win32
		{CF7DD65B-7A9A-4885-8A43-8AE1D062F713}.Debug|x64.ActiveCfg = Debug|x64
		{CF7DD65B-7A9A-4885-8A43-8AE1D062F713}.Release|Mixed Platforms.ActiveCfg = Release|Win32
		{CF7DD65B-7A9A-4885-8A43-8AE1D062F713}.Release|Mixed Platforms.Build.0 = Release|Win32
		{CF7DD65B-7A9A-4885-8A43-8AE1D062F713}.Release|Win32.ActiveCfg = Release|Win32
		{CF7DD65B-7A9A-4885-8A43-8AE1D062F713}.Release|Win32.Build.0 = Release|Win32
		{CF7DD65B-7A9A-4885-8A43-8AE1D062F713}.Release|x64.ActiveCfg = Release|x64
		{8DA26DD4-EBC1-4390-BA2E-EB8A47C7CF82}.Debug|Mixed Platforms.ActiveCfg = Debug|Win32
		{8DA26DD4-EBC1-4390-BA2E-EB8A47C7CF82}.Debug|Mixed Platforms.Build.0 = Debug|Win32
		{8DA26DD4-EBC1-4390-BA2E-EB8A47C7CF82}.Debug|Win32.ActiveCfg = Debug|Win32
		{8DA26DD4-EBC1-4390-BA2E-EB8A47C7CF82}.Debug|Win32.Build.0 = Debug|Win32
		{8DA26DD4-EBC1-4390-BA2E-EB8A47C7CF82}.Debug|x64.ActiveCfg = Debug|x64
		{8DA26DD4-EBC1-4390-BA2E-EB8A47C7CF82}.Debug|x64.Build.0 = Debug|x64
		{8DA26DD4-EBC1-4390-BA2E-EB8A47C7CF82}.Release|Mixed Platforms.ActiveCfg = Release|Win32
		{8DA26DD4-EBC1-4390-BA2E-EB8A47C7CF82}.Release|Mixed Platforms.Build.0 = Release|Win32
		{8DA26DD4-EBC1-4390-BA2E-EB8A47C7CF82}.Release|Win32.ActiveCfg = Release|Win32
		{8DA26DD4-EBC1-4390-BA2E-EB8A47C7CF82}.Release|Win32.Build.0 = Release|Win32
		{8DA26DD4-EBC1-4390-BA2E-EB8A47C7CF82}.Release|x64.ActiveCfg = Release|x64
		{8DA26DD4-EBC1-4390-BA2E-EB8A47C7CF82}.Release|x64.Build.0 = Release|x64
		{B4D47439-E016-4E45-B0E8-A47D11190A9F}.Debug|Mixed Platforms.ActiveCfg = Debug|Win32
		{B4D47439-E016-4E45-B0E8-A47D11190A9F}.Debug|Mixed Platforms.Build.0 = Debug|Win32
		{B4D47439-E016-4E45-B0E8-A47D11190A9F}.Debug|Win32.ActiveCfg = Debug|Win32
		{B4D47439-E016-4E45-B0E8-A47D11190A9F}.Debug|Win32.Build.0 = Debug|Win32
		{B4D47439-E016-4E45-B0E8-A47D11190A9F}.Debug|x64.ActiveCfg = Debug|x64
		{B4D47439-E016-4E45-B0E8-A47D11190A9F}.Release|Mixed Platforms.ActiveCfg = Release|Win32
		{B4D47439-E016-4E45-B0E8-A47D11190A9F}.Release|Mixed Platforms.Build.0 = Release|Win32
		{B4D47439-E016-4E45-B0E8-A47D11190A9F}.Release|Win32.ActiveCfg = Release|Win32
		{B4D47439-E016-4E45-B0E8-A47D11190A9F}.Release|Win32.Build.0 = Release|Win32
		{B4D47439-E016-4E45-B0E8-A47D11190A9F}.Release|x64.ActiveCfg = Release|x64
		{C2B147A1-7767-4374-8643-7DF4556F2001}.Debug|Mixed Platforms.ActiveCfg = Debug|Win32
		{C2B147A1-7767-4374-8643-7DF4556F2001}.Debug|Mixed Platforms.Build.0 = Debug|Win32
		{C2B147A1-7767-4374-8643-7DF4556F2001}.Debug|Win32.ActiveCfg = Debug|Win32
		{C2B147A1-7767-4374-8643-7DF4556F2001}.Debug|Win32.Build.0 = Debug|Win32
		{C2B147A1-7767-4374-8643-7DF4556F2001}.Debug|x64.ActiveCfg = Debug|x64
		{C2B147A1-7767-4374-8643-7DF4556F2001}.Release|Mixed Platforms.ActiveCfg = Release|Win32
		{C2B147A1-7767-4374-8643-7DF4556F2001}.Release|Mixed Platforms.Build.0 = Release|Win32
		{C2B147A1-7767-4374-8643-7DF4556F2001}.Release|Win32.ActiveCfg = Release|Win32
		{C2B147A1-7767-4374-8643-7DF4556F2001}.Release|Win32.Build.0 = Release|Win32
		{C2B147A1-7767-4374-8643-7DF4556F2001}.Release|x64.ActiveCfg = Release|x64
	EndGlobalSection
	GlobalSection(SolutionProperties) = preSolution
		HideSolutionNode = FALSE
	EndGlobalSection
	GlobalSection(ExtensibilityGlobals) = postSolution
		SolutionGuid = {FCE294D8-B4E4-42F6-A2C4-61DA76145767}
	EndGlobalSection
EndGlobal
